
Microsoft Visual Studio Solution File, Format Version 12.00
# Visual Studio 14
VisualStudioVersion = 14.0.25420.1
MinimumVisualStudioVersion = 10.0.40219.1
Project("{FAE04EC0-301F-11D3-BF4B-00C04F79EFBC}") = "ConsoleTest", "ConsoleTest\ConsoleTest.csproj", "{921CEFFC-5CF5-426C-A4E8-7BBFD7CDE6E1}"
EndProject
Project("{FAE04EC0-301F-11D3-BF4B-00C04F79EFBC}") = "MutiThread.Extercise", "MutiThread.Extercise\MutiThread.Extercise.csproj", "{C773975B-64D8-48D4-8D1C-0568262198FE}"
EndProject
Global
	GlobalSection(SolutionConfigurationPlatforms) = preSolution
		Debug|Any CPU = Debug|Any CPU
		Release|Any CPU = Release|Any CPU
	EndGlobalSection
	GlobalSection(ProjectConfigurationPlatforms) = postSolution
		{921CEFFC-5CF5-426C-A4E8-7BBFD7CDE6E1}.Debug|Any CPU.ActiveCfg = Debug|Any CPU
		{921CEFFC-5CF5-426C-A4E8-7BBFD7CDE6E1}.Debug|Any CPU.Build.0 = Debug|Any CPU
		{921CEFFC-5CF5-426C-A4E8-7BBFD7CDE6E1}.Release|Any CPU.ActiveCfg = Release|Any CPU
		{921CEFFC-5CF5-426C-A4E8-7BBFD7CDE6E1}.Release|Any CPU.Build.0 = Release|Any CPU
		{C773975B-64D8-48D4-8D1C-0568262198FE}.Debug|Any CPU.ActiveCfg = Debug|Any CPU
		{C773975B-64D8-48D4-8D1C-0568262198FE}.Debug|Any CPU.Build.0 = Debug|Any CPU
		{C773975B-64D8-48D4-8D1C-0568262198FE}.Release|Any CPU.ActiveCfg = Release|Any CPU
		{C773975B-64D8-48D4-8D1C-0568262198FE}.Release|Any CPU.Build.0 = Release|Any CPU
	EndGlobalSection
	GlobalSection(SolutionProperties) = preSolution
		HideSolutionNode = FALSE
	EndGlobalSection
EndGlobal
